
Microsoft Visual Studio Solution File, Format Version 12.00
# Visual Studio Version 17
VisualStudioVersion = 17.8.34316.72
MinimumVisualStudioVersion = 10.0.40219.1
Project("{9A19103F-16F7-4668-BE54-9A1E7A4F7556}") = "UndineEditor", "UndineEditor\UndineEditor.csproj", "{DEFF8D6C-A97C-45FC-B052-E04E3C6681EC}"
EndProject
Project("{9A19103F-16F7-4668-BE54-9A1E7A4F7556}") = "UndineEditor.WindowsForms", "UndineEditor.WindowsForms\UndineEditor.WindowsForms.csproj", "{4E220AE8-F665-402A-95C5-922062E9814B}"
EndProject
Project("{9A19103F-16F7-4668-BE54-9A1E7A4F7556}") = "UndineEditor.Wpf", "UndineEditor.Wpf\UndineEditor.Wpf.csproj", "{C09A0913-39CF-4D0F-9DC6-638F5256F8AB}"
EndProject
Project("{9A19103F-16F7-4668-BE54-9A1E7A4F7556}") = "UndineEditor.Avalonia", "UndineEditor.Avalonia\UndineEditor.Avalonia.csproj", "{65BC32EB-1C83-471E-8B2F-42E8D764A8F0}"
EndProject
Project("{FAE04EC0-301F-11D3-BF4B-00C04F79EFBC}") = "SampleGame", "SampleGame\SampleGame.csproj", "{CDD44529-F1C0-4D34-8173-112AA4563DE9}"
EndProject
Global
	GlobalSection(SolutionConfigurationPlatforms) = preSolution
		Debug|Any CPU = Debug|Any CPU
		Release|Any CPU = Release|Any CPU
	EndGlobalSection
	GlobalSection(ProjectConfigurationPlatforms) = postSolution
		{DEFF8D6C-A97C-45FC-B052-E04E3C6681EC}.Debug|Any CPU.ActiveCfg = Debug|Any CPU
		{DEFF8D6C-A97C-45FC-B052-E04E3C6681EC}.Debug|Any CPU.Build.0 = Debug|Any CPU
		{DEFF8D6C-A97C-45FC-B052-E04E3C6681EC}.Release|Any CPU.ActiveCfg = Release|Any CPU
		{DEFF8D6C-A97C-45FC-B052-E04E3C6681EC}.Release|Any CPU.Build.0 = Release|Any CPU
		{4E220AE8-F665-402A-95C5-922062E9814B}.Debug|Any CPU.ActiveCfg = Debug|Any CPU
		{4E220AE8-F665-402A-95C5-922062E9814B}.Debug|Any CPU.Build.0 = Debug|Any CPU
		{4E220AE8-F665-402A-95C5-922062E9814B}.Release|Any CPU.ActiveCfg = Release|Any CPU
		{4E220AE8-F665-402A-95C5-922062E9814B}.Release|Any CPU.Build.0 = Release|Any CPU
		{C09A0913-39CF-4D0F-9DC6-638F5256F8AB}.Debug|Any CPU.ActiveCfg = Debug|Any CPU
		{C09A0913-39CF-4D0F-9DC6-638F5256F8AB}.Debug|Any CPU.Build.0 = Debug|Any CPU
		{C09A0913-39CF-4D0F-9DC6-638F5256F8AB}.Release|Any CPU.ActiveCfg = Release|Any CPU
		{C09A0913-39CF-4D0F-9DC6-638F5256F8AB}.Release|Any CPU.Build.0 = Release|Any CPU
		{65BC32EB-1C83-471E-8B2F-42E8D764A8F0}.Debug|Any CPU.ActiveCfg = Debug|Any CPU
		{65BC32EB-1C83-471E-8B2F-42E8D764A8F0}.Debug|Any CPU.Build.0 = Debug|Any CPU
		{65BC32EB-1C83-471E-8B2F-42E8D764A8F0}.Release|Any CPU.ActiveCfg = Release|Any CPU
		{65BC32EB-1C83-471E-8B2F-42E8D764A8F0}.Release|Any CPU.Build.0 = Release|Any CPU
		{CDD44529-F1C0-4D34-8173-112AA4563DE9}.Debug|Any CPU.ActiveCfg = Debug|Any CPU
		{CDD44529-F1C0-4D34-8173-112AA4563DE9}.Debug|Any CPU.Build.0 = Debug|Any CPU
		{CDD44529-F1C0-4D34-8173-112AA4563DE9}.Release|Any CPU.ActiveCfg = Release|Any CPU
		{CDD44529-F1C0-4D34-8173-112AA4563DE9}.Release|Any CPU.Build.0 = Release|Any CPU
	EndGlobalSection
	GlobalSection(SolutionProperties) = preSolution
		HideSolutionNode = FALSE
	EndGlobalSection
	GlobalSection(ExtensibilityGlobals) = postSolution
		SolutionGuid = {456CE763-B98D-40E5-A162-02B984A2418E}
	EndGlobalSection
EndGlobal
